{
  "name": "supermath",
  "version": "1.0.0",
  "lockfileVersion": 2,
  "requires": true,
  "packages": {
    "": {
      "name": "supermath",
      "version": "1.0.0",
      "license": "ISC",
      "dependencies": {
        "super-simple-mathjs": "^2.1.1"
      }
    },
    "node_modules/super-simple-mathjs": {
      "version": "2.1.1",
      "resolved": "https://registry.npmjs.org/super-simple-mathjs/-/super-simple-mathjs-2.1.1.tgz",
      "integrity": "sha512-SH0R81v4xROgTi+wUK7osvoHMqWiMC9OE7ppkJAfDVNOnXI+hLY0SQzI+Xhbefo1yh0SaxeFlQ7rR2mUFjg99w=="
    }
  },
  "dependencies": {
    "super-simple-mathjs": {
      "version": "2.1.1",
      "resolved": "https://registry.npmjs.org/super-simple-mathjs/-/super-simple-mathjs-2.1.1.tgz",
      "integrity": "sha512-SH0R81v4xROgTi+wUK7osvoHMqWiMC9OE7ppkJAfDVNOnXI+hLY0SQzI+Xhbefo1yh0SaxeFlQ7rR2mUFjg99w=="
    }
  }
}
