{
  "name": "supermath",
  "version": "1.0.0",
  "lockfileVersion": 2,
  "requires": true,
  "packages": {
    "": {
      "name": "supermath",
      "version": "1.0.0",
      "license": "ISC",
      "dependencies": {
        "super-simle-mathjs": "^1.0.1"
      }
    },
    "node_modules/super-simle-mathjs": {
      "version": "1.0.1",
      "resolved": "https://registry.npmjs.org/super-simle-mathjs/-/super-simle-mathjs-1.0.1.tgz",
      "integrity": "sha512-el9U/SMwAnreZknRRmHSxWjb7nqalJICTetZlLeJQyb5ZrNGw506jL87liA5XJYBolFlBU4toWPcUAhHnVlSLQ=="
    }
  },
  "dependencies": {
    "super-simle-mathjs": {
      "version": "1.0.1",
      "resolved": "https://registry.npmjs.org/super-simle-mathjs/-/super-simle-mathjs-1.0.1.tgz",
      "integrity": "sha512-el9U/SMwAnreZknRRmHSxWjb7nqalJICTetZlLeJQyb5ZrNGw506jL87liA5XJYBolFlBU4toWPcUAhHnVlSLQ=="
    }
  }
}
