{
  "name": "supermath",
  "version": "1.0.0",
  "lockfileVersion": 2,
  "requires": true,
  "packages": {
    "": {
      "name": "supermath",
      "version": "1.0.0",
      "license": "ISC",
      "devDependencies": {
        "ssm-js": "^3.0.2"
      }
    },
    "node_modules/ssm-js": {
      "version": "3.0.2",
      "resolved": "https://registry.npmjs.org/ssm-js/-/ssm-js-3.0.2.tgz",
      "integrity": "sha512-Fnq790aE8rJ1ctHbOG3ZB8tqZ0aH1FoTFG8QKcm4QT/Z28Gg/A7Ri3LWfbiqvQEIjegH2u70Og/j6Q2W8LVu/w==",
      "dev": true
    }
  },
  "dependencies": {
    "ssm-js": {
      "version": "3.0.2",
      "resolved": "https://registry.npmjs.org/ssm-js/-/ssm-js-3.0.2.tgz",
      "integrity": "sha512-Fnq790aE8rJ1ctHbOG3ZB8tqZ0aH1FoTFG8QKcm4QT/Z28Gg/A7Ri3LWfbiqvQEIjegH2u70Og/j6Q2W8LVu/w==",
      "dev": true
    }
  }
}
